
Microsoft Visual Studio Solution File, Format Version 11.00
# Visual Studio 2010
Project("{FAE04EC0-301F-11D3-BF4B-00C04F79EFBC}") = "Assembly-CSharp", "Assembly-CSharp.csproj", "{a96df8db-0f34-2ab9-f343-0da88b267186}"
EndProject
Project("{FAE04EC0-301F-11D3-BF4B-00C04F79EFBC}") = "HotUpdate", "HotUpdate.csproj", "{4a90779d-94ec-9119-e636-5663abd31a93}"
EndProject
Project("{FAE04EC0-301F-11D3-BF4B-00C04F79EFBC}") = "MiniGameFramework.HotUpdate", "MiniGameFramework.HotUpdate.csproj", "{8774abc0-bc71-b023-7a09-ba0448985081}"
EndProject
Project("{FAE04EC0-301F-11D3-BF4B-00C04F79EFBC}") = "MiniGameFramework.HotUpdate.Editor", "MiniGameFramework.HotUpdate.Editor.csproj", "{64e09c29-3d05-9323-40fb-d69079050821}"
EndProject
Project("{FAE04EC0-301F-11D3-BF4B-00C04F79EFBC}") = "MiniGameFramework.HotUpdate.Tests", "MiniGameFramework.HotUpdate.Tests.csproj", "{5a61d51f-b0ea-8895-51eb-8366a57fb254}"
EndProject
Global
	GlobalSection(SolutionConfigurationPlatforms) = preSolution
		Debug|Any CPU = Debug|Any CPU
	EndGlobalSection
	GlobalSection(ProjectConfigurationPlatforms) = postSolution
		{a96df8db-0f34-2ab9-f343-0da88b267186}.Debug|Any CPU.ActiveCfg = Debug|Any CPU
		{a96df8db-0f34-2ab9-f343-0da88b267186}.Debug|Any CPU.Build.0 = Debug|Any CPU
		{4a90779d-94ec-9119-e636-5663abd31a93}.Debug|Any CPU.ActiveCfg = Debug|Any CPU
		{4a90779d-94ec-9119-e636-5663abd31a93}.Debug|Any CPU.Build.0 = Debug|Any CPU
		{8774abc0-bc71-b023-7a09-ba0448985081}.Debug|Any CPU.ActiveCfg = Debug|Any CPU
		{8774abc0-bc71-b023-7a09-ba0448985081}.Debug|Any CPU.Build.0 = Debug|Any CPU
		{64e09c29-3d05-9323-40fb-d69079050821}.Debug|Any CPU.ActiveCfg = Debug|Any CPU
		{64e09c29-3d05-9323-40fb-d69079050821}.Debug|Any CPU.Build.0 = Debug|Any CPU
		{5a61d51f-b0ea-8895-51eb-8366a57fb254}.Debug|Any CPU.ActiveCfg = Debug|Any CPU
		{5a61d51f-b0ea-8895-51eb-8366a57fb254}.Debug|Any CPU.Build.0 = Debug|Any CPU
	EndGlobalSection
	GlobalSection(SolutionProperties) = preSolution
		HideSolutionNode = FALSE
	EndGlobalSection
EndGlobal
